
Microsoft Visual Studio Solution File, Format Version 12.00
# Visual Studio Version 17
VisualStudioVersion = 17.2.32519.379
MinimumVisualStudioVersion = 10.0.40219.1
Project("{FAE04EC0-301F-11D3-BF4B-00C04F79EFBC}") = "lesson_4_8_2", "lesson_4_8_2.csproj", "{9BAC51FB-E0FF-47DC-A69E-F27654DFA7E8}"
EndProject
Global
	GlobalSection(SolutionConfigurationPlatforms) = preSolution
		Debug|Any CPU = Debug|Any CPU
		Release|Any CPU = Release|Any CPU
	EndGlobalSection
	GlobalSection(ProjectConfigurationPlatforms) = postSolution
		{9BAC51FB-E0FF-47DC-A69E-F27654DFA7E8}.Debug|Any CPU.ActiveCfg = Debug|Any CPU
		{9BAC51FB-E0FF-47DC-A69E-F27654DFA7E8}.Debug|Any CPU.Build.0 = Debug|Any CPU
		{9BAC51FB-E0FF-47DC-A69E-F27654DFA7E8}.Release|Any CPU.ActiveCfg = Release|Any CPU
		{9BAC51FB-E0FF-47DC-A69E-F27654DFA7E8}.Release|Any CPU.Build.0 = Release|Any CPU
	EndGlobalSection
	GlobalSection(SolutionProperties) = preSolution
		HideSolutionNode = FALSE
	EndGlobalSection
	GlobalSection(ExtensibilityGlobals) = postSolution
		SolutionGuid = {13148D4C-9C6F-4522-9A45-DF0F68114F85}
	EndGlobalSection
EndGlobal
